
Microsoft Visual Studio Solution File, Format Version 12.00
# Visual Studio Version 17
VisualStudioVersion = 17.9.34701.34
MinimumVisualStudioVersion = 10.0.40219.1
Project("{9A19103F-16F7-4668-BE54-9A1E7A4F7556}") = "ResturantSystem", "ResturantSystem\ResturantSystem.csproj", "{870F442C-864D-4E15-A9A1-DCDE8E64B8EC}"
EndProject
Global
	GlobalSection(SolutionConfigurationPlatforms) = preSolution
		Debug|Any CPU = Debug|Any CPU
		Release|Any CPU = Release|Any CPU
	EndGlobalSection
	GlobalSection(ProjectConfigurationPlatforms) = postSolution
		{870F442C-864D-4E15-A9A1-DCDE8E64B8EC}.Debug|Any CPU.ActiveCfg = Debug|Any CPU
		{870F442C-864D-4E15-A9A1-DCDE8E64B8EC}.Debug|Any CPU.Build.0 = Debug|Any CPU
		{870F442C-864D-4E15-A9A1-DCDE8E64B8EC}.Release|Any CPU.ActiveCfg = Release|Any CPU
		{870F442C-864D-4E15-A9A1-DCDE8E64B8EC}.Release|Any CPU.Build.0 = Release|Any CPU
	EndGlobalSection
	GlobalSection(SolutionProperties) = preSolution
		HideSolutionNode = FALSE
	EndGlobalSection
	GlobalSection(ExtensibilityGlobals) = postSolution
		SolutionGuid = {1666191F-EB92-40CE-9AAA-B1BD9E56C4E1}
	EndGlobalSection
EndGlobal
